
Microsoft Visual Studio Solution File, Format Version 12.00
# Visual Studio Version 16
VisualStudioVersion = 16.0.31515.178
MinimumVisualStudioVersion = 10.0.40219.1
Project("{9A19103F-16F7-4668-BE54-9A1E7A4F7556}") = "Testapp", "Testapp\Testapp.csproj", "{2F32ACBD-6564-4159-A558-B192A6298A9E}"
EndProject
Global
	GlobalSection(SolutionConfigurationPlatforms) = preSolution
		Debug|Any CPU = Debug|Any CPU
		Release|Any CPU = Release|Any CPU
	EndGlobalSection
	GlobalSection(ProjectConfigurationPlatforms) = postSolution
		{2F32ACBD-6564-4159-A558-B192A6298A9E}.Debug|Any CPU.ActiveCfg = Debug|Any CPU
		{2F32ACBD-6564-4159-A558-B192A6298A9E}.Debug|Any CPU.Build.0 = Debug|Any CPU
		{2F32ACBD-6564-4159-A558-B192A6298A9E}.Release|Any CPU.ActiveCfg = Release|Any CPU
		{2F32ACBD-6564-4159-A558-B192A6298A9E}.Release|Any CPU.Build.0 = Release|Any CPU
	EndGlobalSection
	GlobalSection(SolutionProperties) = preSolution
		HideSolutionNode = FALSE
	EndGlobalSection
	GlobalSection(ExtensibilityGlobals) = postSolution
		SolutionGuid = {A71D07E9-F25F-4060-8758-7CA81E57B80B}
	EndGlobalSection
EndGlobal
